
Microsoft Visual Studio Solution File, Format Version 12.00
# Visual Studio Version 16
VisualStudioVersion = 16.0.29326.143
MinimumVisualStudioVersion = 10.0.40219.1
Project("{9A19103F-16F7-4668-BE54-9A1E7A4F7556}") = "Auth", "Auth\Auth.csproj", "{33E0843A-9815-4D01-BA07-806EA94A3952}"
EndProject
Project("{9A19103F-16F7-4668-BE54-9A1E7A4F7556}") = "AuthTests", "AuthTests\AuthTests.csproj", "{62D054E9-011B-4535-8455-1990129E89DB}"
EndProject
Project("{9A19103F-16F7-4668-BE54-9A1E7A4F7556}") = "Admin", "Admin\Admin.csproj", "{AC5240C2-5294-4F65-9168-861767C76BD9}"
EndProject
Project("{FAE04EC0-301F-11D3-BF4B-00C04F79EFBC}") = "AdminTests", "AdminTests\AdminTests.csproj", "{F8F4F418-B469-4843-A553-01601F405D76}"
EndProject
Project("{FAE04EC0-301F-11D3-BF4B-00C04F79EFBC}") = "Common", "Common\Common.csproj", "{E6BEF894-4C0F-406C-AD67-62A1CB61DDE8}"
EndProject
Global
	GlobalSection(SolutionConfigurationPlatforms) = preSolution
		Debug|Any CPU = Debug|Any CPU
		Release|Any CPU = Release|Any CPU
	EndGlobalSection
	GlobalSection(ProjectConfigurationPlatforms) = postSolution
		{33E0843A-9815-4D01-BA07-806EA94A3952}.Debug|Any CPU.ActiveCfg = Debug|Any CPU
		{33E0843A-9815-4D01-BA07-806EA94A3952}.Debug|Any CPU.Build.0 = Debug|Any CPU
		{33E0843A-9815-4D01-BA07-806EA94A3952}.Release|Any CPU.ActiveCfg = Release|Any CPU
		{33E0843A-9815-4D01-BA07-806EA94A3952}.Release|Any CPU.Build.0 = Release|Any CPU
		{62D054E9-011B-4535-8455-1990129E89DB}.Debug|Any CPU.ActiveCfg = Debug|Any CPU
		{62D054E9-011B-4535-8455-1990129E89DB}.Debug|Any CPU.Build.0 = Debug|Any CPU
		{62D054E9-011B-4535-8455-1990129E89DB}.Release|Any CPU.ActiveCfg = Release|Any CPU
		{62D054E9-011B-4535-8455-1990129E89DB}.Release|Any CPU.Build.0 = Release|Any CPU
		{AC5240C2-5294-4F65-9168-861767C76BD9}.Debug|Any CPU.ActiveCfg = Debug|Any CPU
		{AC5240C2-5294-4F65-9168-861767C76BD9}.Debug|Any CPU.Build.0 = Debug|Any CPU
		{AC5240C2-5294-4F65-9168-861767C76BD9}.Release|Any CPU.ActiveCfg = Release|Any CPU
		{AC5240C2-5294-4F65-9168-861767C76BD9}.Release|Any CPU.Build.0 = Release|Any CPU
		{F8F4F418-B469-4843-A553-01601F405D76}.Debug|Any CPU.ActiveCfg = Debug|Any CPU
		{F8F4F418-B469-4843-A553-01601F405D76}.Debug|Any CPU.Build.0 = Debug|Any CPU
		{F8F4F418-B469-4843-A553-01601F405D76}.Release|Any CPU.ActiveCfg = Release|Any CPU
		{F8F4F418-B469-4843-A553-01601F405D76}.Release|Any CPU.Build.0 = Release|Any CPU
		{E6BEF894-4C0F-406C-AD67-62A1CB61DDE8}.Debug|Any CPU.ActiveCfg = Debug|Any CPU
		{E6BEF894-4C0F-406C-AD67-62A1CB61DDE8}.Debug|Any CPU.Build.0 = Debug|Any CPU
		{E6BEF894-4C0F-406C-AD67-62A1CB61DDE8}.Release|Any CPU.ActiveCfg = Release|Any CPU
		{E6BEF894-4C0F-406C-AD67-62A1CB61DDE8}.Release|Any CPU.Build.0 = Release|Any CPU
	EndGlobalSection
	GlobalSection(SolutionProperties) = preSolution
		HideSolutionNode = FALSE
	EndGlobalSection
	GlobalSection(ExtensibilityGlobals) = postSolution
		SolutionGuid = {A9A904AF-FDA0-4454-9723-33D1E631650A}
	EndGlobalSection
EndGlobal
